
Microsoft Visual Studio Solution File, Format Version 12.00
# Visual Studio 15
VisualStudioVersion = 15.0.27703.2042
MinimumVisualStudioVersion = 10.0.40219.1
Project("{2150E333-8FDC-42A3-9474-1A3956D46DE8}") = "1-UI", "1-UI", "{DAACE024-D317-4A5B-BAE9-79D4C1BD83E5}"
EndProject
Project("{2150E333-8FDC-42A3-9474-1A3956D46DE8}") = "2-Infrastructure", "2-Infrastructure", "{14804DB2-8D52-4D51-A547-2E9659FC397B}"
EndProject
Project("{2150E333-8FDC-42A3-9474-1A3956D46DE8}") = "3-Services", "3-Services", "{7D1BEB1B-55DB-4D45-91DA-114A83069D19}"
EndProject
Project("{2150E333-8FDC-42A3-9474-1A3956D46DE8}") = "4-Core", "4-Core", "{9923C8A9-29EF-4DA7-A006-C7B9B9E0AEFC}"
EndProject
Project("{FAE04EC0-301F-11D3-BF4B-00C04F79EFBC}") = "Checkers.Domain.Objects", "Checkers.Domian.Objects\Checkers.Domain.Objects.csproj", "{A0E65393-1175-4DA6-A2FF-F1D219B9A41B}"
EndProject
Project("{FAE04EC0-301F-11D3-BF4B-00C04F79EFBC}") = "Checkers.Domain.Interfaces", "Checkers.Domain.Interfaces\Checkers.Domain.Interfaces.csproj", "{4EE0B67A-C14C-4AF9-8165-866F5DF37B6F}"
EndProject
Project("{FAE04EC0-301F-11D3-BF4B-00C04F79EFBC}") = "Checkers.Infrastructure.Data", "Checkers.Infrastructure.Data\Checkers.Infrastructure.Data.csproj", "{F596344B-55D2-4501-8096-C7F270E9FECD}"
EndProject
Project("{FAE04EC0-301F-11D3-BF4B-00C04F79EFBC}") = "Checkers.Services.Interfaces", "Checkers.Services.Interfaces\Checkers.Services.Interfaces.csproj", "{E720D759-1407-43DC-8152-618137A84EFF}"
EndProject
Project("{FAE04EC0-301F-11D3-BF4B-00C04F79EFBC}") = "Checkers.Services.HttpDeserializerService", "Checkers.Service.HttpDeserializerService\Checkers.Services.HttpDeserializerService.csproj", "{B1DBCBBF-229A-460A-A890-DB79357A3BC8}"
EndProject
Project("{FAE04EC0-301F-11D3-BF4B-00C04F79EFBC}") = "Checkers.Infrastructure.HttpClient", "Checkers.Infrastructure.HttpClient\Checkers.Infrastructure.HttpClient.csproj", "{B58FB67A-F51B-4CBA-BC7B-EEC524A3E99B}"
EndProject
Project("{FAE04EC0-301F-11D3-BF4B-00C04F79EFBC}") = "Checkers.Infrastructure.JsonDeserializer", "Checkers.Infrastructure.JsonDeserializer\Checkers.Infrastructure.JsonDeserializer.csproj", "{F2F4108A-5DBE-4393-A7AF-E084DEA430A1}"
EndProject
Project("{FAE04EC0-301F-11D3-BF4B-00C04F79EFBC}") = "Checkers.UI.WebAPI", "Checkers.UI.WebAPI\Checkers.UI.WebAPI.csproj", "{714DEC23-388B-487C-A295-11081F9222DB}"
EndProject
Project("{FAE04EC0-301F-11D3-BF4B-00C04F79EFBC}") = "Checkers.UI.ConsoleApp", "Checkers.UI.ConsoleApp\Checkers.UI.ConsoleApp.csproj", "{B47E88E5-CAA7-4B57-9B13-E577A737D36D}"
EndProject
Project("{FAE04EC0-301F-11D3-BF4B-00C04F79EFBC}") = "Checkers.Domain.Tests", "Checkers.Domain.Tests\Checkers.Domain.Tests.csproj", "{D72AB75F-7203-4ED4-A765-3D8FF59FD4DC}"
EndProject
Project("{FAE04EC0-301F-11D3-BF4B-00C04F79EFBC}") = "Checkers.UI.WPFApp", "Checkers.UI.WPFApp\Checkers.UI.WPFApp.csproj", "{119FEBCE-9E2B-4F50-9E2C-5518335DA479}"
EndProject
Global
	GlobalSection(SolutionConfigurationPlatforms) = preSolution
		Debug|Any CPU = Debug|Any CPU
		Release|Any CPU = Release|Any CPU
	EndGlobalSection
	GlobalSection(ProjectConfigurationPlatforms) = postSolution
		{A0E65393-1175-4DA6-A2FF-F1D219B9A41B}.Debug|Any CPU.ActiveCfg = Debug|Any CPU
		{A0E65393-1175-4DA6-A2FF-F1D219B9A41B}.Debug|Any CPU.Build.0 = Debug|Any CPU
		{A0E65393-1175-4DA6-A2FF-F1D219B9A41B}.Release|Any CPU.ActiveCfg = Release|Any CPU
		{A0E65393-1175-4DA6-A2FF-F1D219B9A41B}.Release|Any CPU.Build.0 = Release|Any CPU
		{4EE0B67A-C14C-4AF9-8165-866F5DF37B6F}.Debug|Any CPU.ActiveCfg = Debug|Any CPU
		{4EE0B67A-C14C-4AF9-8165-866F5DF37B6F}.Debug|Any CPU.Build.0 = Debug|Any CPU
		{4EE0B67A-C14C-4AF9-8165-866F5DF37B6F}.Release|Any CPU.ActiveCfg = Release|Any CPU
		{4EE0B67A-C14C-4AF9-8165-866F5DF37B6F}.Release|Any CPU.Build.0 = Release|Any CPU
		{F596344B-55D2-4501-8096-C7F270E9FECD}.Debug|Any CPU.ActiveCfg = Debug|Any CPU
		{F596344B-55D2-4501-8096-C7F270E9FECD}.Debug|Any CPU.Build.0 = Debug|Any CPU
		{F596344B-55D2-4501-8096-C7F270E9FECD}.Release|Any CPU.ActiveCfg = Release|Any CPU
		{F596344B-55D2-4501-8096-C7F270E9FECD}.Release|Any CPU.Build.0 = Release|Any CPU
		{E720D759-1407-43DC-8152-618137A84EFF}.Debug|Any CPU.ActiveCfg = Debug|Any CPU
		{E720D759-1407-43DC-8152-618137A84EFF}.Debug|Any CPU.Build.0 = Debug|Any CPU
		{E720D759-1407-43DC-8152-618137A84EFF}.Release|Any CPU.ActiveCfg = Release|Any CPU
		{E720D759-1407-43DC-8152-618137A84EFF}.Release|Any CPU.Build.0 = Release|Any CPU
		{B1DBCBBF-229A-460A-A890-DB79357A3BC8}.Debug|Any CPU.ActiveCfg = Debug|Any CPU
		{B1DBCBBF-229A-460A-A890-DB79357A3BC8}.Debug|Any CPU.Build.0 = Debug|Any CPU
		{B1DBCBBF-229A-460A-A890-DB79357A3BC8}.Release|Any CPU.ActiveCfg = Release|Any CPU
		{B1DBCBBF-229A-460A-A890-DB79357A3BC8}.Release|Any CPU.Build.0 = Release|Any CPU
		{B58FB67A-F51B-4CBA-BC7B-EEC524A3E99B}.Debug|Any CPU.ActiveCfg = Debug|Any CPU
		{B58FB67A-F51B-4CBA-BC7B-EEC524A3E99B}.Debug|Any CPU.Build.0 = Debug|Any CPU
		{B58FB67A-F51B-4CBA-BC7B-EEC524A3E99B}.Release|Any CPU.ActiveCfg = Release|Any CPU
		{B58FB67A-F51B-4CBA-BC7B-EEC524A3E99B}.Release|Any CPU.Build.0 = Release|Any CPU
		{F2F4108A-5DBE-4393-A7AF-E084DEA430A1}.Debug|Any CPU.ActiveCfg = Debug|Any CPU
		{F2F4108A-5DBE-4393-A7AF-E084DEA430A1}.Debug|Any CPU.Build.0 = Debug|Any CPU
		{F2F4108A-5DBE-4393-A7AF-E084DEA430A1}.Release|Any CPU.ActiveCfg = Release|Any CPU
		{F2F4108A-5DBE-4393-A7AF-E084DEA430A1}.Release|Any CPU.Build.0 = Release|Any CPU
		{714DEC23-388B-487C-A295-11081F9222DB}.Debug|Any CPU.ActiveCfg = Debug|Any CPU
		{714DEC23-388B-487C-A295-11081F9222DB}.Debug|Any CPU.Build.0 = Debug|Any CPU
		{714DEC23-388B-487C-A295-11081F9222DB}.Release|Any CPU.ActiveCfg = Release|Any CPU
		{714DEC23-388B-487C-A295-11081F9222DB}.Release|Any CPU.Build.0 = Release|Any CPU
		{B47E88E5-CAA7-4B57-9B13-E577A737D36D}.Debug|Any CPU.ActiveCfg = Debug|Any CPU
		{B47E88E5-CAA7-4B57-9B13-E577A737D36D}.Debug|Any CPU.Build.0 = Debug|Any CPU
		{B47E88E5-CAA7-4B57-9B13-E577A737D36D}.Release|Any CPU.ActiveCfg = Release|Any CPU
		{B47E88E5-CAA7-4B57-9B13-E577A737D36D}.Release|Any CPU.Build.0 = Release|Any CPU
		{D72AB75F-7203-4ED4-A765-3D8FF59FD4DC}.Debug|Any CPU.ActiveCfg = Debug|Any CPU
		{D72AB75F-7203-4ED4-A765-3D8FF59FD4DC}.Debug|Any CPU.Build.0 = Debug|Any CPU
		{D72AB75F-7203-4ED4-A765-3D8FF59FD4DC}.Release|Any CPU.ActiveCfg = Release|Any CPU
		{D72AB75F-7203-4ED4-A765-3D8FF59FD4DC}.Release|Any CPU.Build.0 = Release|Any CPU
		{119FEBCE-9E2B-4F50-9E2C-5518335DA479}.Debug|Any CPU.ActiveCfg = Debug|Any CPU
		{119FEBCE-9E2B-4F50-9E2C-5518335DA479}.Debug|Any CPU.Build.0 = Debug|Any CPU
		{119FEBCE-9E2B-4F50-9E2C-5518335DA479}.Release|Any CPU.ActiveCfg = Release|Any CPU
		{119FEBCE-9E2B-4F50-9E2C-5518335DA479}.Release|Any CPU.Build.0 = Release|Any CPU
	EndGlobalSection
	GlobalSection(SolutionProperties) = preSolution
		HideSolutionNode = FALSE
	EndGlobalSection
	GlobalSection(NestedProjects) = preSolution
		{A0E65393-1175-4DA6-A2FF-F1D219B9A41B} = {9923C8A9-29EF-4DA7-A006-C7B9B9E0AEFC}
		{4EE0B67A-C14C-4AF9-8165-866F5DF37B6F} = {9923C8A9-29EF-4DA7-A006-C7B9B9E0AEFC}
		{F596344B-55D2-4501-8096-C7F270E9FECD} = {14804DB2-8D52-4D51-A547-2E9659FC397B}
		{E720D759-1407-43DC-8152-618137A84EFF} = {7D1BEB1B-55DB-4D45-91DA-114A83069D19}
		{B1DBCBBF-229A-460A-A890-DB79357A3BC8} = {7D1BEB1B-55DB-4D45-91DA-114A83069D19}
		{B58FB67A-F51B-4CBA-BC7B-EEC524A3E99B} = {14804DB2-8D52-4D51-A547-2E9659FC397B}
		{F2F4108A-5DBE-4393-A7AF-E084DEA430A1} = {14804DB2-8D52-4D51-A547-2E9659FC397B}
		{714DEC23-388B-487C-A295-11081F9222DB} = {DAACE024-D317-4A5B-BAE9-79D4C1BD83E5}
		{B47E88E5-CAA7-4B57-9B13-E577A737D36D} = {DAACE024-D317-4A5B-BAE9-79D4C1BD83E5}
		{D72AB75F-7203-4ED4-A765-3D8FF59FD4DC} = {9923C8A9-29EF-4DA7-A006-C7B9B9E0AEFC}
		{119FEBCE-9E2B-4F50-9E2C-5518335DA479} = {DAACE024-D317-4A5B-BAE9-79D4C1BD83E5}
	EndGlobalSection
	GlobalSection(ExtensibilityGlobals) = postSolution
		SolutionGuid = {CC5D39FD-73BF-4D06-9420-D90ABC4AF717}
	EndGlobalSection
EndGlobal
